{
  "pins" : [
    {
      "identity" : "sourceful",
      "kind" : "remoteSourceControl",
      "location" : "https://github.com/kazuhiro4949/Sourceful.git",
      "state" : {
        "branch" : "feature/actor_keyword",
        "revision" : "8bcd9fd701b13543d6568593a1d04da1be4e5da7"
      }
    },
    {
      "identity" : "swift-syntax",
      "kind" : "remoteSourceControl",
      "location" : "https://github.com/apple/swift-syntax.git",
      "state" : {
        "branch" : "swift-5.6-RELEASE",
        "revision" : "87d6d0af3d2db26ce0d6014cd953e546d45f63c6"
      }
    }
  ],
  "version" : 2
}
