{
  "object": {
    "pins": [
      {
        "package": "Sourceful",
        "repositoryURL": "https://github.com/kazuhiro4949/Sourceful.git",
        "state": {
          "branch": "feature/actor_keyword",
          "revision": "8bcd9fd701b13543d6568593a1d04da1be4e5da7",
          "version": null
        }
      },
      {
        "package": "swift-syntax",
        "repositoryURL": "https://github.com/apple/swift-syntax.git",
        "state": {
          "branch": "swift-5.5-RELEASE",
          "revision": "cf40be70deaf4ce7d44eb1a7e14299c391e2363f",
          "version": null
        }
      }
    ]
  },
  "version": 1
}
