// !$*UTF8*$!
{
	archiveVersion = 1;
	classes = {
	};
	objectVersion = 52;
	objects = {

/* Begin PBXBuildFile section */
		3024212725CFC8EF00C0E53F /* String+Extension.swift in Sources */ = {isa = PBXBuildFile; fileRef = 3024212625CFC8EF00C0E53F /* String+Extension.swift */; };
		3024212B25CFC90500C0E53F /* ProtocolDeclSyntax+Extension.swift in Sources */ = {isa = PBXBuildFile; fileRef = 3024212A25CFC90500C0E53F /* ProtocolDeclSyntax+Extension.swift */; };
		3024212F25CFC91F00C0E53F /* CodeBlockSyntax+Extensioin.swift in Sources */ = {isa = PBXBuildFile; fileRef = 3024212E25CFC91F00C0E53F /* CodeBlockSyntax+Extensioin.swift */; };
		3024213325CFC92D00C0E53F /* IdentifierExprSyntax+Extension.swift in Sources */ = {isa = PBXBuildFile; fileRef = 3024213225CFC92D00C0E53F /* IdentifierExprSyntax+Extension.swift */; };
		3024213725CFC94300C0E53F /* TupleExprSyntax+Extension.swift in Sources */ = {isa = PBXBuildFile; fileRef = 3024213625CFC94300C0E53F /* TupleExprSyntax+Extension.swift */; };
		3024213B25CFC95F00C0E53F /* TupleTypeSyntax+Extension.swift in Sources */ = {isa = PBXBuildFile; fileRef = 3024213A25CFC95F00C0E53F /* TupleTypeSyntax+Extension.swift */; };
		3024213F25CFC97500C0E53F /* FunctionParameterListSyntax+Extensions.swift in Sources */ = {isa = PBXBuildFile; fileRef = 3024213E25CFC97500C0E53F /* FunctionParameterListSyntax+Extensions.swift */; };
		3024214325CFC98C00C0E53F /* FunctionParameterSyntax+Extension.swift in Sources */ = {isa = PBXBuildFile; fileRef = 3024214225CFC98C00C0E53F /* FunctionParameterSyntax+Extension.swift */; };
		3024214B25CFC9CD00C0E53F /* Trivia+Extension.swift in Sources */ = {isa = PBXBuildFile; fileRef = 3024214A25CFC9CD00C0E53F /* Trivia+Extension.swift */; };
		3024215125CFC9FD00C0E53F /* SimpleTypeIdentifierSyntax+Extension.swift in Sources */ = {isa = PBXBuildFile; fileRef = 3024215025CFC9FD00C0E53F /* SimpleTypeIdentifierSyntax+Extension.swift */; };
		3024215525CFCA1100C0E53F /* TypeAnnotationSyntax+Extension.swift in Sources */ = {isa = PBXBuildFile; fileRef = 3024215425CFCA1100C0E53F /* TypeAnnotationSyntax+Extension.swift */; };
		3024215925CFCA2600C0E53F /* PatternSyntax+Extension.swift in Sources */ = {isa = PBXBuildFile; fileRef = 3024215825CFCA2600C0E53F /* PatternSyntax+Extension.swift */; };
		3024215D25CFCA3700C0E53F /* TokenSyntax+Extension.swift in Sources */ = {isa = PBXBuildFile; fileRef = 3024215C25CFCA3700C0E53F /* TokenSyntax+Extension.swift */; };
		3024216125CFCA4B00C0E53F /* DictionaryElementSyntax+Extension.swift in Sources */ = {isa = PBXBuildFile; fileRef = 3024216025CFCA4B00C0E53F /* DictionaryElementSyntax+Extension.swift */; };
		3024216525CFCA5B00C0E53F /* DictionaryElementListSyntax+Extension.swift in Sources */ = {isa = PBXBuildFile; fileRef = 3024216425CFCA5B00C0E53F /* DictionaryElementListSyntax+Extension.swift */; };
		3024216B25CFCA6F00C0E53F /* DictionaryExprSyntax+Extension.swift in Sources */ = {isa = PBXBuildFile; fileRef = 3024216A25CFCA6F00C0E53F /* DictionaryExprSyntax+Extension.swift */; };
		3024216F25CFCA8100C0E53F /* ArrayExprSyntax+Extension.swift in Sources */ = {isa = PBXBuildFile; fileRef = 3024216E25CFCA8100C0E53F /* ArrayExprSyntax+Extension.swift */; };
		3024217325CFCAAC00C0E53F /* InitializerClauseSyntax+Extension.swift in Sources */ = {isa = PBXBuildFile; fileRef = 3024217225CFCAAC00C0E53F /* InitializerClauseSyntax+Extension.swift */; };
		3024217725CFCABC00C0E53F /* ExprSyntax+Extension.swift in Sources */ = {isa = PBXBuildFile; fileRef = 3024217625CFCABC00C0E53F /* ExprSyntax+Extension.swift */; };
		3024217B25CFCAC800C0E53F /* ImplicitlyUnwrappedOptionalTypeSyntax+Extension.swift in Sources */ = {isa = PBXBuildFile; fileRef = 3024217A25CFCAC800C0E53F /* ImplicitlyUnwrappedOptionalTypeSyntax+Extension.swift */; };
		3024218125CFCB0D00C0E53F /* AccessorDeclSyntax+Extension.swift in Sources */ = {isa = PBXBuildFile; fileRef = 3024218025CFCB0D00C0E53F /* AccessorDeclSyntax+Extension.swift */; };
		3024218525CFCB3400C0E53F /* Either.swift in Sources */ = {isa = PBXBuildFile; fileRef = 3024218425CFCB3400C0E53F /* Either.swift */; };
		3024218B25CFCB6D00C0E53F /* PatternBindingListSyntax+Extension.swift in Sources */ = {isa = PBXBuildFile; fileRef = 3024218A25CFCB6D00C0E53F /* PatternBindingListSyntax+Extension.swift */; };
		3024218F25CFCB7F00C0E53F /* MemberDeclBlockSyntax+Extension.swift in Sources */ = {isa = PBXBuildFile; fileRef = 3024218E25CFCB7F00C0E53F /* MemberDeclBlockSyntax+Extension.swift */; };
		3024219325CFCB8E00C0E53F /* TypeSyntax+Extension.swift in Sources */ = {isa = PBXBuildFile; fileRef = 3024219225CFCB8E00C0E53F /* TypeSyntax+Extension.swift */; };
		3024219725CFCBB500C0E53F /* TypeInheritanceClauseSyntax+Extension.swift in Sources */ = {isa = PBXBuildFile; fileRef = 3024219625CFCBB500C0E53F /* TypeInheritanceClauseSyntax+Extension.swift */; };
		3024219B25CFCBD700C0E53F /* MemberDeclListSyntax+Extension.swift in Sources */ = {isa = PBXBuildFile; fileRef = 3024219A25CFCBD700C0E53F /* MemberDeclListSyntax+Extension.swift */; };
		3024219F25CFCBF500C0E53F /* MemberDeclListItemSyntax+Extension.swift in Sources */ = {isa = PBXBuildFile; fileRef = 3024219E25CFCBF500C0E53F /* MemberDeclListItemSyntax+Extension.swift */; };
		302421A325CFCC1D00C0E53F /* CodeBlockItemSyntax+Extension.swift in Sources */ = {isa = PBXBuildFile; fileRef = 302421A225CFCC1D00C0E53F /* CodeBlockItemSyntax+Extension.swift */; };
		302421A725CFCC5200C0E53F /* ProtocolNameHandler.swift in Sources */ = {isa = PBXBuildFile; fileRef = 302421A625CFCC5200C0E53F /* ProtocolNameHandler.swift */; };
		302421AB25CFCC6600C0E53F /* MockType.swift in Sources */ = {isa = PBXBuildFile; fileRef = 302421AA25CFCC6600C0E53F /* MockType.swift */; };
		302421AF25CFCC7B00C0E53F /* SpyPropertyForAccessor.swift in Sources */ = {isa = PBXBuildFile; fileRef = 302421AE25CFCC7B00C0E53F /* SpyPropertyForAccessor.swift */; };
		302421BB25D4F8FF00C0E53F /* GenerateStubCommand.swift in Sources */ = {isa = PBXBuildFile; fileRef = 302421BA25D4F8FF00C0E53F /* GenerateStubCommand.swift */; };
		303223F625AAFC41002BB110 /* AppDelegate.swift in Sources */ = {isa = PBXBuildFile; fileRef = 303223F525AAFC41002BB110 /* AppDelegate.swift */; };
		303223F825AAFC41002BB110 /* ViewController.swift in Sources */ = {isa = PBXBuildFile; fileRef = 303223F725AAFC41002BB110 /* ViewController.swift */; };
		303223FA25AAFC42002BB110 /* Assets.xcassets in Resources */ = {isa = PBXBuildFile; fileRef = 303223F925AAFC42002BB110 /* Assets.xcassets */; };
		303223FD25AAFC42002BB110 /* Main.storyboard in Resources */ = {isa = PBXBuildFile; fileRef = 303223FB25AAFC42002BB110 /* Main.storyboard */; };
		3032240925AAFC43002BB110 /* DependencyInjectionHelperForXcodeTests.swift in Sources */ = {isa = PBXBuildFile; fileRef = 3032240825AAFC43002BB110 /* DependencyInjectionHelperForXcodeTests.swift */; };
		3032241425AAFC43002BB110 /* DependencyInjectionHelperForXcodeUITests.swift in Sources */ = {isa = PBXBuildFile; fileRef = 3032241325AAFC43002BB110 /* DependencyInjectionHelperForXcodeUITests.swift */; };
		3032242B25AAFCEB002BB110 /* Cocoa.framework in Frameworks */ = {isa = PBXBuildFile; fileRef = 3032242A25AAFCEB002BB110 /* Cocoa.framework */; };
		3032243025AAFCEB002BB110 /* SourceEditorExtension.swift in Sources */ = {isa = PBXBuildFile; fileRef = 3032242F25AAFCEB002BB110 /* SourceEditorExtension.swift */; };
		3032243225AAFCEB002BB110 /* GenerateProtocolCommand.swift in Sources */ = {isa = PBXBuildFile; fileRef = 3032243125AAFCEB002BB110 /* GenerateProtocolCommand.swift */; };
		3032243725AAFCEB002BB110 /* DependencyInjectionHelperForXcodeExtension.appex in Embed App Extensions */ = {isa = PBXBuildFile; fileRef = 3032242825AAFCEB002BB110 /* DependencyInjectionHelperForXcodeExtension.appex */; settings = {ATTRIBUTES = (RemoveHeadersOnCopy, ); }; };
		3032244225AAFD2D002BB110 /* SwiftSyntax in Frameworks */ = {isa = PBXBuildFile; productRef = 3032244125AAFD2D002BB110 /* SwiftSyntax */; };
		3032244825AAFD3A002BB110 /* SwiftSyntax in Frameworks */ = {isa = PBXBuildFile; productRef = 3032244725AAFD3A002BB110 /* SwiftSyntax */; };
		3032244925AAFD3D002BB110 /* XcodeKit.framework in Frameworks */ = {isa = PBXBuildFile; fileRef = 3032242C25AAFCEB002BB110 /* XcodeKit.framework */; };
		3032244A25AAFD3D002BB110 /* XcodeKit.framework in Embed Frameworks */ = {isa = PBXBuildFile; fileRef = 3032242C25AAFCEB002BB110 /* XcodeKit.framework */; settings = {ATTRIBUTES = (CodeSignOnCopy, RemoveHeadersOnCopy, ); }; };
		3063F31B25BD1B8300B6038C /* UserDefaults+Extension.swift in Sources */ = {isa = PBXBuildFile; fileRef = 3063F31A25BD1B8300B6038C /* UserDefaults+Extension.swift */; };
		3063F31F25BD3CF700B6038C /* Settings.swift in Sources */ = {isa = PBXBuildFile; fileRef = 3063F31E25BD3CF700B6038C /* Settings.swift */; };
		3063F32725BD400000B6038C /* Settings.swift in Sources */ = {isa = PBXBuildFile; fileRef = 3063F31E25BD3CF700B6038C /* Settings.swift */; };
		3063F32A25BD400300B6038C /* UserDefaults+Extension.swift in Sources */ = {isa = PBXBuildFile; fileRef = 3063F31A25BD1B8300B6038C /* UserDefaults+Extension.swift */; };
		309BB2EA25C15FDB0067D991 /* GenerateSpyCommand.swift in Sources */ = {isa = PBXBuildFile; fileRef = 309BB2E925C15FDB0067D991 /* GenerateSpyCommand.swift */; };
		309BB2F025C160A20067D991 /* MockGenerater.swift in Sources */ = {isa = PBXBuildFile; fileRef = 309BB2EF25C160A20067D991 /* MockGenerater.swift */; };
		30B8A3DD25B2EA6B00F643CD /* lib_InternalSwiftSyntaxParser.dylib in Frameworks */ = {isa = PBXBuildFile; fileRef = 30B8A3DC25B2EA6B00F643CD /* lib_InternalSwiftSyntaxParser.dylib */; };
		30B8A3DE25B2EA6B00F643CD /* lib_InternalSwiftSyntaxParser.dylib in Embed Libraries */ = {isa = PBXBuildFile; fileRef = 30B8A3DC25B2EA6B00F643CD /* lib_InternalSwiftSyntaxParser.dylib */; settings = {ATTRIBUTES = (CodeSignOnCopy, ); }; };
		30B8A3EF25B479D800F643CD /* AccessorBlockSyntax.swift in Sources */ = {isa = PBXBuildFile; fileRef = 30B8A3EE25B479D800F643CD /* AccessorBlockSyntax.swift */; };
		30B8A3F525B47A9500F643CD /* VariableDeclSyntax.swift in Sources */ = {isa = PBXBuildFile; fileRef = 30B8A3F425B47A9500F643CD /* VariableDeclSyntax.swift */; };
		30B8A3FD25B47AC400F643CD /* InitializerDeclSyntax.swift in Sources */ = {isa = PBXBuildFile; fileRef = 30B8A3FC25B47AC400F643CD /* InitializerDeclSyntax.swift */; };
		30B8A40125B47ADD00F643CD /* FunctionDeclSyntax.swift in Sources */ = {isa = PBXBuildFile; fileRef = 30B8A40025B47ADD00F643CD /* FunctionDeclSyntax.swift */; };
		30B8A40525B47B0000F643CD /* HasGenericParameterClause.swift in Sources */ = {isa = PBXBuildFile; fileRef = 30B8A40425B47B0000F643CD /* HasGenericParameterClause.swift */; };
		30B8A40A25B47B2B00F643CD /* HasGenericParameter.swift in Sources */ = {isa = PBXBuildFile; fileRef = 30B8A40925B47B2B00F643CD /* HasGenericParameter.swift */; };
		30B8A41025B47B4200F643CD /* PatternBindingSyntax.swift in Sources */ = {isa = PBXBuildFile; fileRef = 30B8A40F25B47B4200F643CD /* PatternBindingSyntax.swift */; };
		30B8A41425B47B5900F643CD /* SyntaxFactory.swift in Sources */ = {isa = PBXBuildFile; fileRef = 30B8A41325B47B5900F643CD /* SyntaxFactory.swift */; };
		30B8A41825B47B7D00F643CD /* ProtocolExtractor.swift in Sources */ = {isa = PBXBuildFile; fileRef = 30B8A41725B47B7D00F643CD /* ProtocolExtractor.swift */; };
		30B8A42725BC27B500F643CD /* MenuViewController.swift in Sources */ = {isa = PBXBuildFile; fileRef = 30B8A42625BC27B500F643CD /* MenuViewController.swift */; };
		30B8A42B25BC2B8500F643CD /* MenuTableCellView.swift in Sources */ = {isa = PBXBuildFile; fileRef = 30B8A42A25BC2B8500F643CD /* MenuTableCellView.swift */; };
		30E035DF25BC303B000D49EE /* ProtocolViewController.swift in Sources */ = {isa = PBXBuildFile; fileRef = 30E035DE25BC303B000D49EE /* ProtocolViewController.swift */; };
		30E035E525BC3059000D49EE /* MockViewController.swift in Sources */ = {isa = PBXBuildFile; fileRef = 30E035E425BC3059000D49EE /* MockViewController.swift */; };
		30E035E925BC310A000D49EE /* SplitViewController.swift in Sources */ = {isa = PBXBuildFile; fileRef = 30E035E825BC310A000D49EE /* SplitViewController.swift */; };
		30E035ED25BC31A4000D49EE /* DetailViewController.swift in Sources */ = {isa = PBXBuildFile; fileRef = 30E035EC25BC31A4000D49EE /* DetailViewController.swift */; };
/* End PBXBuildFile section */

/* Begin PBXContainerItemProxy section */
		3032240525AAFC43002BB110 /* PBXContainerItemProxy */ = {
			isa = PBXContainerItemProxy;
			containerPortal = 303223EA25AAFC41002BB110 /* Project object */;
			proxyType = 1;
			remoteGlobalIDString = 303223F125AAFC41002BB110;
			remoteInfo = DependencyInjectionHelperForXcode;
		};
		3032241025AAFC43002BB110 /* PBXContainerItemProxy */ = {
			isa = PBXContainerItemProxy;
			containerPortal = 303223EA25AAFC41002BB110 /* Project object */;
			proxyType = 1;
			remoteGlobalIDString = 303223F125AAFC41002BB110;
			remoteInfo = DependencyInjectionHelperForXcode;
		};
		3032243525AAFCEB002BB110 /* PBXContainerItemProxy */ = {
			isa = PBXContainerItemProxy;
			containerPortal = 303223EA25AAFC41002BB110 /* Project object */;
			proxyType = 1;
			remoteGlobalIDString = 3032242725AAFCEB002BB110;
			remoteInfo = DependencyInjectionHelperForXcodeExtension;
		};
/* End PBXContainerItemProxy section */

/* Begin PBXCopyFilesBuildPhase section */
		3032243B25AAFCEB002BB110 /* Embed App Extensions */ = {
			isa = PBXCopyFilesBuildPhase;
			buildActionMask = 2147483647;
			dstPath = "";
			dstSubfolderSpec = 13;
			files = (
				3032243725AAFCEB002BB110 /* DependencyInjectionHelperForXcodeExtension.appex in Embed App Extensions */,
			);
			name = "Embed App Extensions";
			runOnlyForDeploymentPostprocessing = 0;
		};
		3032244B25AAFD3D002BB110 /* Embed Frameworks */ = {
			isa = PBXCopyFilesBuildPhase;
			buildActionMask = 2147483647;
			dstPath = "";
			dstSubfolderSpec = 10;
			files = (
				3032244A25AAFD3D002BB110 /* XcodeKit.framework in Embed Frameworks */,
			);
			name = "Embed Frameworks";
			runOnlyForDeploymentPostprocessing = 0;
		};
		30B8A3DF25B2EA6B00F643CD /* Embed Libraries */ = {
			isa = PBXCopyFilesBuildPhase;
			buildActionMask = 2147483647;
			dstPath = "";
			dstSubfolderSpec = 10;
			files = (
				30B8A3DE25B2EA6B00F643CD /* lib_InternalSwiftSyntaxParser.dylib in Embed Libraries */,
			);
			name = "Embed Libraries";
			runOnlyForDeploymentPostprocessing = 0;
		};
/* End PBXCopyFilesBuildPhase section */

/* Begin PBXFileReference section */
		3024212625CFC8EF00C0E53F /* String+Extension.swift */ = {isa = PBXFileReference; lastKnownFileType = sourcecode.swift; path = "String+Extension.swift"; sourceTree = "<group>"; };
		3024212A25CFC90500C0E53F /* ProtocolDeclSyntax+Extension.swift */ = {isa = PBXFileReference; lastKnownFileType = sourcecode.swift; path = "ProtocolDeclSyntax+Extension.swift"; sourceTree = "<group>"; };
		3024212E25CFC91F00C0E53F /* CodeBlockSyntax+Extensioin.swift */ = {isa = PBXFileReference; lastKnownFileType = sourcecode.swift; path = "CodeBlockSyntax+Extensioin.swift"; sourceTree = "<group>"; };
		3024213225CFC92D00C0E53F /* IdentifierExprSyntax+Extension.swift */ = {isa = PBXFileReference; lastKnownFileType = sourcecode.swift; path = "IdentifierExprSyntax+Extension.swift"; sourceTree = "<group>"; };
		3024213625CFC94300C0E53F /* TupleExprSyntax+Extension.swift */ = {isa = PBXFileReference; lastKnownFileType = sourcecode.swift; path = "TupleExprSyntax+Extension.swift"; sourceTree = "<group>"; };
		3024213A25CFC95F00C0E53F /* TupleTypeSyntax+Extension.swift */ = {isa = PBXFileReference; lastKnownFileType = sourcecode.swift; path = "TupleTypeSyntax+Extension.swift"; sourceTree = "<group>"; };
		3024213E25CFC97500C0E53F /* FunctionParameterListSyntax+Extensions.swift */ = {isa = PBXFileReference; lastKnownFileType = sourcecode.swift; path = "FunctionParameterListSyntax+Extensions.swift"; sourceTree = "<group>"; };
		3024214225CFC98C00C0E53F /* FunctionParameterSyntax+Extension.swift */ = {isa = PBXFileReference; lastKnownFileType = sourcecode.swift; path = "FunctionParameterSyntax+Extension.swift"; sourceTree = "<group>"; };
		3024214A25CFC9CD00C0E53F /* Trivia+Extension.swift */ = {isa = PBXFileReference; lastKnownFileType = sourcecode.swift; path = "Trivia+Extension.swift"; sourceTree = "<group>"; };
		3024215025CFC9FD00C0E53F /* SimpleTypeIdentifierSyntax+Extension.swift */ = {isa = PBXFileReference; lastKnownFileType = sourcecode.swift; path = "SimpleTypeIdentifierSyntax+Extension.swift"; sourceTree = "<group>"; };
		3024215425CFCA1100C0E53F /* TypeAnnotationSyntax+Extension.swift */ = {isa = PBXFileReference; lastKnownFileType = sourcecode.swift; path = "TypeAnnotationSyntax+Extension.swift"; sourceTree = "<group>"; };
		3024215825CFCA2600C0E53F /* PatternSyntax+Extension.swift */ = {isa = PBXFileReference; lastKnownFileType = sourcecode.swift; path = "PatternSyntax+Extension.swift"; sourceTree = "<group>"; };
		3024215C25CFCA3700C0E53F /* TokenSyntax+Extension.swift */ = {isa = PBXFileReference; lastKnownFileType = sourcecode.swift; path = "TokenSyntax+Extension.swift"; sourceTree = "<group>"; };
		3024216025CFCA4B00C0E53F /* DictionaryElementSyntax+Extension.swift */ = {isa = PBXFileReference; lastKnownFileType = sourcecode.swift; path = "DictionaryElementSyntax+Extension.swift"; sourceTree = "<group>"; };
		3024216425CFCA5B00C0E53F /* DictionaryElementListSyntax+Extension.swift */ = {isa = PBXFileReference; lastKnownFileType = sourcecode.swift; path = "DictionaryElementListSyntax+Extension.swift"; sourceTree = "<group>"; };
		3024216A25CFCA6F00C0E53F /* DictionaryExprSyntax+Extension.swift */ = {isa = PBXFileReference; lastKnownFileType = sourcecode.swift; path = "DictionaryExprSyntax+Extension.swift"; sourceTree = "<group>"; };
		3024216E25CFCA8100C0E53F /* ArrayExprSyntax+Extension.swift */ = {isa = PBXFileReference; lastKnownFileType = sourcecode.swift; path = "ArrayExprSyntax+Extension.swift"; sourceTree = "<group>"; };
		3024217225CFCAAC00C0E53F /* InitializerClauseSyntax+Extension.swift */ = {isa = PBXFileReference; lastKnownFileType = sourcecode.swift; path = "InitializerClauseSyntax+Extension.swift"; sourceTree = "<group>"; };
		3024217625CFCABC00C0E53F /* ExprSyntax+Extension.swift */ = {isa = PBXFileReference; lastKnownFileType = sourcecode.swift; path = "ExprSyntax+Extension.swift"; sourceTree = "<group>"; };
		3024217A25CFCAC800C0E53F /* ImplicitlyUnwrappedOptionalTypeSyntax+Extension.swift */ = {isa = PBXFileReference; lastKnownFileType = sourcecode.swift; path = "ImplicitlyUnwrappedOptionalTypeSyntax+Extension.swift"; sourceTree = "<group>"; };
		3024218025CFCB0D00C0E53F /* AccessorDeclSyntax+Extension.swift */ = {isa = PBXFileReference; lastKnownFileType = sourcecode.swift; path = "AccessorDeclSyntax+Extension.swift"; sourceTree = "<group>"; };
		3024218425CFCB3400C0E53F /* Either.swift */ = {isa = PBXFileReference; lastKnownFileType = sourcecode.swift; path = Either.swift; sourceTree = "<group>"; };
		3024218A25CFCB6D00C0E53F /* PatternBindingListSyntax+Extension.swift */ = {isa = PBXFileReference; lastKnownFileType = sourcecode.swift; path = "PatternBindingListSyntax+Extension.swift"; sourceTree = "<group>"; };
		3024218E25CFCB7F00C0E53F /* MemberDeclBlockSyntax+Extension.swift */ = {isa = PBXFileReference; lastKnownFileType = sourcecode.swift; path = "MemberDeclBlockSyntax+Extension.swift"; sourceTree = "<group>"; };
		3024219225CFCB8E00C0E53F /* TypeSyntax+Extension.swift */ = {isa = PBXFileReference; lastKnownFileType = sourcecode.swift; path = "TypeSyntax+Extension.swift"; sourceTree = "<group>"; };
		3024219625CFCBB500C0E53F /* TypeInheritanceClauseSyntax+Extension.swift */ = {isa = PBXFileReference; lastKnownFileType = sourcecode.swift; path = "TypeInheritanceClauseSyntax+Extension.swift"; sourceTree = "<group>"; };
		3024219A25CFCBD700C0E53F /* MemberDeclListSyntax+Extension.swift */ = {isa = PBXFileReference; lastKnownFileType = sourcecode.swift; path = "MemberDeclListSyntax+Extension.swift"; sourceTree = "<group>"; };
		3024219E25CFCBF500C0E53F /* MemberDeclListItemSyntax+Extension.swift */ = {isa = PBXFileReference; lastKnownFileType = sourcecode.swift; path = "MemberDeclListItemSyntax+Extension.swift"; sourceTree = "<group>"; };
		302421A225CFCC1D00C0E53F /* CodeBlockItemSyntax+Extension.swift */ = {isa = PBXFileReference; lastKnownFileType = sourcecode.swift; path = "CodeBlockItemSyntax+Extension.swift"; sourceTree = "<group>"; };
		302421A625CFCC5200C0E53F /* ProtocolNameHandler.swift */ = {isa = PBXFileReference; lastKnownFileType = sourcecode.swift; path = ProtocolNameHandler.swift; sourceTree = "<group>"; };
		302421AA25CFCC6600C0E53F /* MockType.swift */ = {isa = PBXFileReference; lastKnownFileType = sourcecode.swift; path = MockType.swift; sourceTree = "<group>"; };
		302421AE25CFCC7B00C0E53F /* SpyPropertyForAccessor.swift */ = {isa = PBXFileReference; lastKnownFileType = sourcecode.swift; path = SpyPropertyForAccessor.swift; sourceTree = "<group>"; };
		302421BA25D4F8FF00C0E53F /* GenerateStubCommand.swift */ = {isa = PBXFileReference; lastKnownFileType = sourcecode.swift; path = GenerateStubCommand.swift; sourceTree = "<group>"; };
		303223F225AAFC41002BB110 /* DependencyInjectionHelperForXcode.app */ = {isa = PBXFileReference; explicitFileType = wrapper.application; includeInIndex = 0; path = DependencyInjectionHelperForXcode.app; sourceTree = BUILT_PRODUCTS_DIR; };
		303223F525AAFC41002BB110 /* AppDelegate.swift */ = {isa = PBXFileReference; lastKnownFileType = sourcecode.swift; path = AppDelegate.swift; sourceTree = "<group>"; };
		303223F725AAFC41002BB110 /* ViewController.swift */ = {isa = PBXFileReference; lastKnownFileType = sourcecode.swift; path = ViewController.swift; sourceTree = "<group>"; };
		303223F925AAFC42002BB110 /* Assets.xcassets */ = {isa = PBXFileReference; lastKnownFileType = folder.assetcatalog; path = Assets.xcassets; sourceTree = "<group>"; };
		303223FC25AAFC42002BB110 /* Base */ = {isa = PBXFileReference; lastKnownFileType = file.storyboard; name = Base; path = Base.lproj/Main.storyboard; sourceTree = "<group>"; };
		303223FE25AAFC42002BB110 /* Info.plist */ = {isa = PBXFileReference; lastKnownFileType = text.plist.xml; path = Info.plist; sourceTree = "<group>"; };
		303223FF25AAFC42002BB110 /* DependencyInjectionHelperForXcode.entitlements */ = {isa = PBXFileReference; lastKnownFileType = text.plist.entitlements; path = DependencyInjectionHelperForXcode.entitlements; sourceTree = "<group>"; };
		3032240425AAFC43002BB110 /* DependencyInjectionHelperForXcodeTests.xctest */ = {isa = PBXFileReference; explicitFileType = wrapper.cfbundle; includeInIndex = 0; path = DependencyInjectionHelperForXcodeTests.xctest; sourceTree = BUILT_PRODUCTS_DIR; };
		3032240825AAFC43002BB110 /* DependencyInjectionHelperForXcodeTests.swift */ = {isa = PBXFileReference; lastKnownFileType = sourcecode.swift; path = DependencyInjectionHelperForXcodeTests.swift; sourceTree = "<group>"; };
		3032240A25AAFC43002BB110 /* Info.plist */ = {isa = PBXFileReference; lastKnownFileType = text.plist.xml; path = Info.plist; sourceTree = "<group>"; };
		3032240F25AAFC43002BB110 /* DependencyInjectionHelperForXcodeUITests.xctest */ = {isa = PBXFileReference; explicitFileType = wrapper.cfbundle; includeInIndex = 0; path = DependencyInjectionHelperForXcodeUITests.xctest; sourceTree = BUILT_PRODUCTS_DIR; };
		3032241325AAFC43002BB110 /* DependencyInjectionHelperForXcodeUITests.swift */ = {isa = PBXFileReference; lastKnownFileType = sourcecode.swift; path = DependencyInjectionHelperForXcodeUITests.swift; sourceTree = "<group>"; };
		3032241525AAFC43002BB110 /* Info.plist */ = {isa = PBXFileReference; lastKnownFileType = text.plist.xml; path = Info.plist; sourceTree = "<group>"; };
		3032242825AAFCEB002BB110 /* DependencyInjectionHelperForXcodeExtension.appex */ = {isa = PBXFileReference; explicitFileType = "wrapper.app-extension"; includeInIndex = 0; path = DependencyInjectionHelperForXcodeExtension.appex; sourceTree = BUILT_PRODUCTS_DIR; };
		3032242A25AAFCEB002BB110 /* Cocoa.framework */ = {isa = PBXFileReference; lastKnownFileType = wrapper.framework; name = Cocoa.framework; path = System/Library/Frameworks/Cocoa.framework; sourceTree = SDKROOT; };
		3032242C25AAFCEB002BB110 /* XcodeKit.framework */ = {isa = PBXFileReference; lastKnownFileType = wrapper.framework; name = XcodeKit.framework; path = Library/Frameworks/XcodeKit.framework; sourceTree = DEVELOPER_DIR; };
		3032242F25AAFCEB002BB110 /* SourceEditorExtension.swift */ = {isa = PBXFileReference; lastKnownFileType = sourcecode.swift; path = SourceEditorExtension.swift; sourceTree = "<group>"; };
		3032243125AAFCEB002BB110 /* GenerateProtocolCommand.swift */ = {isa = PBXFileReference; lastKnownFileType = sourcecode.swift; path = GenerateProtocolCommand.swift; sourceTree = "<group>"; };
		3032243325AAFCEB002BB110 /* Info.plist */ = {isa = PBXFileReference; lastKnownFileType = text.plist.xml; path = Info.plist; sourceTree = "<group>"; };
		3032243425AAFCEB002BB110 /* DependencyInjectionHelperForXcodeExtension.entitlements */ = {isa = PBXFileReference; lastKnownFileType = text.plist.entitlements; path = DependencyInjectionHelperForXcodeExtension.entitlements; sourceTree = "<group>"; };
		3063F31A25BD1B8300B6038C /* UserDefaults+Extension.swift */ = {isa = PBXFileReference; lastKnownFileType = sourcecode.swift; path = "UserDefaults+Extension.swift"; sourceTree = "<group>"; };
		3063F31E25BD3CF700B6038C /* Settings.swift */ = {isa = PBXFileReference; lastKnownFileType = sourcecode.swift; path = Settings.swift; sourceTree = "<group>"; };
		309BB2E925C15FDB0067D991 /* GenerateSpyCommand.swift */ = {isa = PBXFileReference; lastKnownFileType = sourcecode.swift; path = GenerateSpyCommand.swift; sourceTree = "<group>"; };
		309BB2EF25C160A20067D991 /* MockGenerater.swift */ = {isa = PBXFileReference; lastKnownFileType = sourcecode.swift; path = MockGenerater.swift; sourceTree = "<group>"; };
		30B8A3DC25B2EA6B00F643CD /* lib_InternalSwiftSyntaxParser.dylib */ = {isa = PBXFileReference; lastKnownFileType = "compiled.mach-o.dylib"; name = lib_InternalSwiftSyntaxParser.dylib; path = ../../../../Applications/Xcode.app/Contents/Frameworks/lib_InternalSwiftSyntaxParser.dylib; sourceTree = "<group>"; };
		30B8A3EE25B479D800F643CD /* AccessorBlockSyntax.swift */ = {isa = PBXFileReference; lastKnownFileType = sourcecode.swift; path = AccessorBlockSyntax.swift; sourceTree = "<group>"; };
		30B8A3F425B47A9500F643CD /* VariableDeclSyntax.swift */ = {isa = PBXFileReference; lastKnownFileType = sourcecode.swift; path = VariableDeclSyntax.swift; sourceTree = "<group>"; };
		30B8A3FC25B47AC400F643CD /* InitializerDeclSyntax.swift */ = {isa = PBXFileReference; lastKnownFileType = sourcecode.swift; path = InitializerDeclSyntax.swift; sourceTree = "<group>"; };
		30B8A40025B47ADD00F643CD /* FunctionDeclSyntax.swift */ = {isa = PBXFileReference; lastKnownFileType = sourcecode.swift; path = FunctionDeclSyntax.swift; sourceTree = "<group>"; };
		30B8A40425B47B0000F643CD /* HasGenericParameterClause.swift */ = {isa = PBXFileReference; lastKnownFileType = sourcecode.swift; path = HasGenericParameterClause.swift; sourceTree = "<group>"; };
		30B8A40925B47B2B00F643CD /* HasGenericParameter.swift */ = {isa = PBXFileReference; lastKnownFileType = sourcecode.swift; path = HasGenericParameter.swift; sourceTree = "<group>"; };
		30B8A40F25B47B4200F643CD /* PatternBindingSyntax.swift */ = {isa = PBXFileReference; lastKnownFileType = sourcecode.swift; path = PatternBindingSyntax.swift; sourceTree = "<group>"; };
		30B8A41325B47B5900F643CD /* SyntaxFactory.swift */ = {isa = PBXFileReference; lastKnownFileType = sourcecode.swift; path = SyntaxFactory.swift; sourceTree = "<group>"; };
		30B8A41725B47B7D00F643CD /* ProtocolExtractor.swift */ = {isa = PBXFileReference; lastKnownFileType = sourcecode.swift; path = ProtocolExtractor.swift; sourceTree = "<group>"; };
		30B8A42625BC27B500F643CD /* MenuViewController.swift */ = {isa = PBXFileReference; lastKnownFileType = sourcecode.swift; path = MenuViewController.swift; sourceTree = "<group>"; };
		30B8A42A25BC2B8500F643CD /* MenuTableCellView.swift */ = {isa = PBXFileReference; lastKnownFileType = sourcecode.swift; path = MenuTableCellView.swift; sourceTree = "<group>"; };
		30E035DE25BC303B000D49EE /* ProtocolViewController.swift */ = {isa = PBXFileReference; lastKnownFileType = sourcecode.swift; path = ProtocolViewController.swift; sourceTree = "<group>"; };
		30E035E425BC3059000D49EE /* MockViewController.swift */ = {isa = PBXFileReference; lastKnownFileType = sourcecode.swift; path = MockViewController.swift; sourceTree = "<group>"; };
		30E035E825BC310A000D49EE /* SplitViewController.swift */ = {isa = PBXFileReference; lastKnownFileType = sourcecode.swift; path = SplitViewController.swift; sourceTree = "<group>"; };
		30E035EC25BC31A4000D49EE /* DetailViewController.swift */ = {isa = PBXFileReference; lastKnownFileType = sourcecode.swift; path = DetailViewController.swift; sourceTree = "<group>"; };
/* End PBXFileReference section */

/* Begin PBXFrameworksBuildPhase section */
		303223EF25AAFC41002BB110 /* Frameworks */ = {
			isa = PBXFrameworksBuildPhase;
			buildActionMask = 2147483647;
			files = (
				3032244225AAFD2D002BB110 /* SwiftSyntax in Frameworks */,
				30B8A3DD25B2EA6B00F643CD /* lib_InternalSwiftSyntaxParser.dylib in Frameworks */,
			);
			runOnlyForDeploymentPostprocessing = 0;
		};
		3032240125AAFC43002BB110 /* Frameworks */ = {
			isa = PBXFrameworksBuildPhase;
			buildActionMask = 2147483647;
			files = (
			);
			runOnlyForDeploymentPostprocessing = 0;
		};
		3032240C25AAFC43002BB110 /* Frameworks */ = {
			isa = PBXFrameworksBuildPhase;
			buildActionMask = 2147483647;
			files = (
			);
			runOnlyForDeploymentPostprocessing = 0;
		};
		3032242525AAFCEB002BB110 /* Frameworks */ = {
			isa = PBXFrameworksBuildPhase;
			buildActionMask = 2147483647;
			files = (
				3032244925AAFD3D002BB110 /* XcodeKit.framework in Frameworks */,
				3032242B25AAFCEB002BB110 /* Cocoa.framework in Frameworks */,
				3032244825AAFD3A002BB110 /* SwiftSyntax in Frameworks */,
			);
			runOnlyForDeploymentPostprocessing = 0;
		};
/* End PBXFrameworksBuildPhase section */

/* Begin PBXGroup section */
		302421B425D4F3D300C0E53F /* MockGenerater */ = {
			isa = PBXGroup;
			children = (
				309BB2EF25C160A20067D991 /* MockGenerater.swift */,
				302421AA25CFCC6600C0E53F /* MockType.swift */,
				302421A625CFCC5200C0E53F /* ProtocolNameHandler.swift */,
				302421AE25CFCC7B00C0E53F /* SpyPropertyForAccessor.swift */,
			);
			path = MockGenerater;
			sourceTree = "<group>";
		};
		302421B525D4F3E900C0E53F /* Utility */ = {
			isa = PBXGroup;
			children = (
				3024218425CFCB3400C0E53F /* Either.swift */,
			);
			path = Utility;
			sourceTree = "<group>";
		};
		303223E925AAFC41002BB110 = {
			isa = PBXGroup;
			children = (
				303223F425AAFC41002BB110 /* DependencyInjectionHelperForXcode */,
				3032240725AAFC43002BB110 /* DependencyInjectionHelperForXcodeTests */,
				3032241225AAFC43002BB110 /* DependencyInjectionHelperForXcodeUITests */,
				3032242E25AAFCEB002BB110 /* DependencyInjectionHelperForXcodeExtension */,
				3032242925AAFCEB002BB110 /* Frameworks */,
				303223F325AAFC41002BB110 /* Products */,
			);
			sourceTree = "<group>";
		};
		303223F325AAFC41002BB110 /* Products */ = {
			isa = PBXGroup;
			children = (
				303223F225AAFC41002BB110 /* DependencyInjectionHelperForXcode.app */,
				3032240425AAFC43002BB110 /* DependencyInjectionHelperForXcodeTests.xctest */,
				3032240F25AAFC43002BB110 /* DependencyInjectionHelperForXcodeUITests.xctest */,
				3032242825AAFCEB002BB110 /* DependencyInjectionHelperForXcodeExtension.appex */,
			);
			name = Products;
			sourceTree = "<group>";
		};
		303223F425AAFC41002BB110 /* DependencyInjectionHelperForXcode */ = {
			isa = PBXGroup;
			children = (
				30E035E325BC3049000D49EE /* Detail */,
				30B8A41F25BC278600F643CD /* Menu */,
				303223F525AAFC41002BB110 /* AppDelegate.swift */,
				303223F725AAFC41002BB110 /* ViewController.swift */,
				30E035E825BC310A000D49EE /* SplitViewController.swift */,
				303223F925AAFC42002BB110 /* Assets.xcassets */,
				303223FB25AAFC42002BB110 /* Main.storyboard */,
				303223FE25AAFC42002BB110 /* Info.plist */,
				303223FF25AAFC42002BB110 /* DependencyInjectionHelperForXcode.entitlements */,
				3063F31A25BD1B8300B6038C /* UserDefaults+Extension.swift */,
				3063F31E25BD3CF700B6038C /* Settings.swift */,
			);
			path = DependencyInjectionHelperForXcode;
			sourceTree = "<group>";
		};
		3032240725AAFC43002BB110 /* DependencyInjectionHelperForXcodeTests */ = {
			isa = PBXGroup;
			children = (
				3032240825AAFC43002BB110 /* DependencyInjectionHelperForXcodeTests.swift */,
				3032240A25AAFC43002BB110 /* Info.plist */,
			);
			path = DependencyInjectionHelperForXcodeTests;
			sourceTree = "<group>";
		};
		3032241225AAFC43002BB110 /* DependencyInjectionHelperForXcodeUITests */ = {
			isa = PBXGroup;
			children = (
				3032241325AAFC43002BB110 /* DependencyInjectionHelperForXcodeUITests.swift */,
				3032241525AAFC43002BB110 /* Info.plist */,
			);
			path = DependencyInjectionHelperForXcodeUITests;
			sourceTree = "<group>";
		};
		3032242925AAFCEB002BB110 /* Frameworks */ = {
			isa = PBXGroup;
			children = (
				30B8A3DC25B2EA6B00F643CD /* lib_InternalSwiftSyntaxParser.dylib */,
				3032242A25AAFCEB002BB110 /* Cocoa.framework */,
				3032242C25AAFCEB002BB110 /* XcodeKit.framework */,
			);
			name = Frameworks;
			sourceTree = "<group>";
		};
		3032242E25AAFCEB002BB110 /* DependencyInjectionHelperForXcodeExtension */ = {
			isa = PBXGroup;
			children = (
				302421B525D4F3E900C0E53F /* Utility */,
				302421B425D4F3D300C0E53F /* MockGenerater */,
				30B8A40825B47B1E00F643CD /* Protocols */,
				30B8A3ED25B479BD00F643CD /* Extensions */,
				3032243125AAFCEB002BB110 /* GenerateProtocolCommand.swift */,
				309BB2E925C15FDB0067D991 /* GenerateSpyCommand.swift */,
				302421BA25D4F8FF00C0E53F /* GenerateStubCommand.swift */,
				30B8A41725B47B7D00F643CD /* ProtocolExtractor.swift */,
				3032242F25AAFCEB002BB110 /* SourceEditorExtension.swift */,
				3032243325AAFCEB002BB110 /* Info.plist */,
				3032243425AAFCEB002BB110 /* DependencyInjectionHelperForXcodeExtension.entitlements */,
			);
			path = DependencyInjectionHelperForXcodeExtension;
			sourceTree = "<group>";
		};
		30B8A3ED25B479BD00F643CD /* Extensions */ = {
			isa = PBXGroup;
			children = (
				30B8A3EE25B479D800F643CD /* AccessorBlockSyntax.swift */,
				30B8A3F425B47A9500F643CD /* VariableDeclSyntax.swift */,
				30B8A3FC25B47AC400F643CD /* InitializerDeclSyntax.swift */,
				30B8A40025B47ADD00F643CD /* FunctionDeclSyntax.swift */,
				30B8A40F25B47B4200F643CD /* PatternBindingSyntax.swift */,
				30B8A41325B47B5900F643CD /* SyntaxFactory.swift */,
				3024212625CFC8EF00C0E53F /* String+Extension.swift */,
				3024212E25CFC91F00C0E53F /* CodeBlockSyntax+Extensioin.swift */,
				3024213A25CFC95F00C0E53F /* TupleTypeSyntax+Extension.swift */,
				3024213E25CFC97500C0E53F /* FunctionParameterListSyntax+Extensions.swift */,
				3024214225CFC98C00C0E53F /* FunctionParameterSyntax+Extension.swift */,
				3024214A25CFC9CD00C0E53F /* Trivia+Extension.swift */,
				3024215025CFC9FD00C0E53F /* SimpleTypeIdentifierSyntax+Extension.swift */,
				3024215425CFCA1100C0E53F /* TypeAnnotationSyntax+Extension.swift */,
				3024215825CFCA2600C0E53F /* PatternSyntax+Extension.swift */,
				3024215C25CFCA3700C0E53F /* TokenSyntax+Extension.swift */,
				3024216025CFCA4B00C0E53F /* DictionaryElementSyntax+Extension.swift */,
				3024216425CFCA5B00C0E53F /* DictionaryElementListSyntax+Extension.swift */,
				3024216A25CFCA6F00C0E53F /* DictionaryExprSyntax+Extension.swift */,
				3024216E25CFCA8100C0E53F /* ArrayExprSyntax+Extension.swift */,
				3024217225CFCAAC00C0E53F /* InitializerClauseSyntax+Extension.swift */,
				3024217625CFCABC00C0E53F /* ExprSyntax+Extension.swift */,
				3024217A25CFCAC800C0E53F /* ImplicitlyUnwrappedOptionalTypeSyntax+Extension.swift */,
				3024218025CFCB0D00C0E53F /* AccessorDeclSyntax+Extension.swift */,
				3024213225CFC92D00C0E53F /* IdentifierExprSyntax+Extension.swift */,
				3024212A25CFC90500C0E53F /* ProtocolDeclSyntax+Extension.swift */,
				3024213625CFC94300C0E53F /* TupleExprSyntax+Extension.swift */,
				3024218A25CFCB6D00C0E53F /* PatternBindingListSyntax+Extension.swift */,
				3024219625CFCBB500C0E53F /* TypeInheritanceClauseSyntax+Extension.swift */,
				3024219A25CFCBD700C0E53F /* MemberDeclListSyntax+Extension.swift */,
				3024219E25CFCBF500C0E53F /* MemberDeclListItemSyntax+Extension.swift */,
				302421A225CFCC1D00C0E53F /* CodeBlockItemSyntax+Extension.swift */,
				3024218E25CFCB7F00C0E53F /* MemberDeclBlockSyntax+Extension.swift */,
				3024219225CFCB8E00C0E53F /* TypeSyntax+Extension.swift */,
			);
			path = Extensions;
			sourceTree = "<group>";
		};
		30B8A40825B47B1E00F643CD /* Protocols */ = {
			isa = PBXGroup;
			children = (
				30B8A40425B47B0000F643CD /* HasGenericParameterClause.swift */,
				30B8A40925B47B2B00F643CD /* HasGenericParameter.swift */,
			);
			path = Protocols;
			sourceTree = "<group>";
		};
		30B8A41F25BC278600F643CD /* Menu */ = {
			isa = PBXGroup;
			children = (
				30B8A42625BC27B500F643CD /* MenuViewController.swift */,
				30B8A42A25BC2B8500F643CD /* MenuTableCellView.swift */,
			);
			path = Menu;
			sourceTree = "<group>";
		};
		30E035E325BC3049000D49EE /* Detail */ = {
			isa = PBXGroup;
			children = (
				30E035DE25BC303B000D49EE /* ProtocolViewController.swift */,
				30E035E425BC3059000D49EE /* MockViewController.swift */,
				30E035EC25BC31A4000D49EE /* DetailViewController.swift */,
			);
			path = Detail;
			sourceTree = "<group>";
		};
/* End PBXGroup section */

/* Begin PBXNativeTarget section */
		303223F125AAFC41002BB110 /* DependencyInjectionHelperForXcode */ = {
			isa = PBXNativeTarget;
			buildConfigurationList = 3032241825AAFC43002BB110 /* Build configuration list for PBXNativeTarget "DependencyInjectionHelperForXcode" */;
			buildPhases = (
				303223EE25AAFC41002BB110 /* Sources */,
				303223EF25AAFC41002BB110 /* Frameworks */,
				303223F025AAFC41002BB110 /* Resources */,
				3032243B25AAFCEB002BB110 /* Embed App Extensions */,
				30B8A3DF25B2EA6B00F643CD /* Embed Libraries */,
			);
			buildRules = (
			);
			dependencies = (
				3032243625AAFCEB002BB110 /* PBXTargetDependency */,
			);
			name = DependencyInjectionHelperForXcode;
			packageProductDependencies = (
				3032244125AAFD2D002BB110 /* SwiftSyntax */,
			);
			productName = DependencyInjectionHelperForXcode;
			productReference = 303223F225AAFC41002BB110 /* DependencyInjectionHelperForXcode.app */;
			productType = "com.apple.product-type.application";
		};
		3032240325AAFC43002BB110 /* DependencyInjectionHelperForXcodeTests */ = {
			isa = PBXNativeTarget;
			buildConfigurationList = 3032241B25AAFC43002BB110 /* Build configuration list for PBXNativeTarget "DependencyInjectionHelperForXcodeTests" */;
			buildPhases = (
				3032240025AAFC43002BB110 /* Sources */,
				3032240125AAFC43002BB110 /* Frameworks */,
				3032240225AAFC43002BB110 /* Resources */,
			);
			buildRules = (
			);
			dependencies = (
				3032240625AAFC43002BB110 /* PBXTargetDependency */,
			);
			name = DependencyInjectionHelperForXcodeTests;
			productName = DependencyInjectionHelperForXcodeTests;
			productReference = 3032240425AAFC43002BB110 /* DependencyInjectionHelperForXcodeTests.xctest */;
			productType = "com.apple.product-type.bundle.unit-test";
		};
		3032240E25AAFC43002BB110 /* DependencyInjectionHelperForXcodeUITests */ = {
			isa = PBXNativeTarget;
			buildConfigurationList = 3032241E25AAFC43002BB110 /* Build configuration list for PBXNativeTarget "DependencyInjectionHelperForXcodeUITests" */;
			buildPhases = (
				3032240B25AAFC43002BB110 /* Sources */,
				3032240C25AAFC43002BB110 /* Frameworks */,
				3032240D25AAFC43002BB110 /* Resources */,
			);
			buildRules = (
			);
			dependencies = (
				3032241125AAFC43002BB110 /* PBXTargetDependency */,
			);
			name = DependencyInjectionHelperForXcodeUITests;
			productName = DependencyInjectionHelperForXcodeUITests;
			productReference = 3032240F25AAFC43002BB110 /* DependencyInjectionHelperForXcodeUITests.xctest */;
			productType = "com.apple.product-type.bundle.ui-testing";
		};
		3032242725AAFCEB002BB110 /* DependencyInjectionHelperForXcodeExtension */ = {
			isa = PBXNativeTarget;
			buildConfigurationList = 3032243825AAFCEB002BB110 /* Build configuration list for PBXNativeTarget "DependencyInjectionHelperForXcodeExtension" */;
			buildPhases = (
				3032242425AAFCEB002BB110 /* Sources */,
				3032242525AAFCEB002BB110 /* Frameworks */,
				3032242625AAFCEB002BB110 /* Resources */,
				3032244B25AAFD3D002BB110 /* Embed Frameworks */,
			);
			buildRules = (
			);
			dependencies = (
			);
			name = DependencyInjectionHelperForXcodeExtension;
			packageProductDependencies = (
				3032244725AAFD3A002BB110 /* SwiftSyntax */,
			);
			productName = DependencyInjectionHelperForXcodeExtension;
			productReference = 3032242825AAFCEB002BB110 /* DependencyInjectionHelperForXcodeExtension.appex */;
			productType = "com.apple.product-type.xcode-extension";
		};
/* End PBXNativeTarget section */

/* Begin PBXProject section */
		303223EA25AAFC41002BB110 /* Project object */ = {
			isa = PBXProject;
			attributes = {
				LastSwiftUpdateCheck = 1230;
				LastUpgradeCheck = 1230;
				TargetAttributes = {
					303223F125AAFC41002BB110 = {
						CreatedOnToolsVersion = 12.3;
					};
					3032240325AAFC43002BB110 = {
						CreatedOnToolsVersion = 12.3;
						TestTargetID = 303223F125AAFC41002BB110;
					};
					3032240E25AAFC43002BB110 = {
						CreatedOnToolsVersion = 12.3;
						TestTargetID = 303223F125AAFC41002BB110;
					};
					3032242725AAFCEB002BB110 = {
						CreatedOnToolsVersion = 12.3;
					};
				};
			};
			buildConfigurationList = 303223ED25AAFC41002BB110 /* Build configuration list for PBXProject "DependencyInjectionHelperForXcode" */;
			compatibilityVersion = "Xcode 9.3";
			developmentRegion = en;
			hasScannedForEncodings = 0;
			knownRegions = (
				en,
				Base,
			);
			mainGroup = 303223E925AAFC41002BB110;
			packageReferences = (
				3032244025AAFD2D002BB110 /* XCRemoteSwiftPackageReference "swift-syntax" */,
			);
			productRefGroup = 303223F325AAFC41002BB110 /* Products */;
			projectDirPath = "";
			projectRoot = "";
			targets = (
				303223F125AAFC41002BB110 /* DependencyInjectionHelperForXcode */,
				3032240325AAFC43002BB110 /* DependencyInjectionHelperForXcodeTests */,
				3032240E25AAFC43002BB110 /* DependencyInjectionHelperForXcodeUITests */,
				3032242725AAFCEB002BB110 /* DependencyInjectionHelperForXcodeExtension */,
			);
		};
/* End PBXProject section */

/* Begin PBXResourcesBuildPhase section */
		303223F025AAFC41002BB110 /* Resources */ = {
			isa = PBXResourcesBuildPhase;
			buildActionMask = 2147483647;
			files = (
				303223FA25AAFC42002BB110 /* Assets.xcassets in Resources */,
				303223FD25AAFC42002BB110 /* Main.storyboard in Resources */,
			);
			runOnlyForDeploymentPostprocessing = 0;
		};
		3032240225AAFC43002BB110 /* Resources */ = {
			isa = PBXResourcesBuildPhase;
			buildActionMask = 2147483647;
			files = (
			);
			runOnlyForDeploymentPostprocessing = 0;
		};
		3032240D25AAFC43002BB110 /* Resources */ = {
			isa = PBXResourcesBuildPhase;
			buildActionMask = 2147483647;
			files = (
			);
			runOnlyForDeploymentPostprocessing = 0;
		};
		3032242625AAFCEB002BB110 /* Resources */ = {
			isa = PBXResourcesBuildPhase;
			buildActionMask = 2147483647;
			files = (
			);
			runOnlyForDeploymentPostprocessing = 0;
		};
/* End PBXResourcesBuildPhase section */

/* Begin PBXSourcesBuildPhase section */
		303223EE25AAFC41002BB110 /* Sources */ = {
			isa = PBXSourcesBuildPhase;
			buildActionMask = 2147483647;
			files = (
				30E035E525BC3059000D49EE /* MockViewController.swift in Sources */,
				30E035E925BC310A000D49EE /* SplitViewController.swift in Sources */,
				303223F825AAFC41002BB110 /* ViewController.swift in Sources */,
				30E035DF25BC303B000D49EE /* ProtocolViewController.swift in Sources */,
				3063F31F25BD3CF700B6038C /* Settings.swift in Sources */,
				30B8A42725BC27B500F643CD /* MenuViewController.swift in Sources */,
				30B8A42B25BC2B8500F643CD /* MenuTableCellView.swift in Sources */,
				303223F625AAFC41002BB110 /* AppDelegate.swift in Sources */,
				3063F31B25BD1B8300B6038C /* UserDefaults+Extension.swift in Sources */,
				30E035ED25BC31A4000D49EE /* DetailViewController.swift in Sources */,
			);
			runOnlyForDeploymentPostprocessing = 0;
		};
		3032240025AAFC43002BB110 /* Sources */ = {
			isa = PBXSourcesBuildPhase;
			buildActionMask = 2147483647;
			files = (
				3032240925AAFC43002BB110 /* DependencyInjectionHelperForXcodeTests.swift in Sources */,
			);
			runOnlyForDeploymentPostprocessing = 0;
		};
		3032240B25AAFC43002BB110 /* Sources */ = {
			isa = PBXSourcesBuildPhase;
			buildActionMask = 2147483647;
			files = (
				3032241425AAFC43002BB110 /* DependencyInjectionHelperForXcodeUITests.swift in Sources */,
			);
			runOnlyForDeploymentPostprocessing = 0;
		};
		3032242425AAFCEB002BB110 /* Sources */ = {
			isa = PBXSourcesBuildPhase;
			buildActionMask = 2147483647;
			files = (
				3024212725CFC8EF00C0E53F /* String+Extension.swift in Sources */,
				30B8A41825B47B7D00F643CD /* ProtocolExtractor.swift in Sources */,
				3024218F25CFCB7F00C0E53F /* MemberDeclBlockSyntax+Extension.swift in Sources */,
				3024213725CFC94300C0E53F /* TupleExprSyntax+Extension.swift in Sources */,
				3024213325CFC92D00C0E53F /* IdentifierExprSyntax+Extension.swift in Sources */,
				30B8A3F525B47A9500F643CD /* VariableDeclSyntax.swift in Sources */,
				3063F32725BD400000B6038C /* Settings.swift in Sources */,
				302421A725CFCC5200C0E53F /* ProtocolNameHandler.swift in Sources */,
				3024212F25CFC91F00C0E53F /* CodeBlockSyntax+Extensioin.swift in Sources */,
				30B8A41425B47B5900F643CD /* SyntaxFactory.swift in Sources */,
				309BB2EA25C15FDB0067D991 /* GenerateSpyCommand.swift in Sources */,
				3024215925CFCA2600C0E53F /* PatternSyntax+Extension.swift in Sources */,
				3024214325CFC98C00C0E53F /* FunctionParameterSyntax+Extension.swift in Sources */,
				3024216125CFCA4B00C0E53F /* DictionaryElementSyntax+Extension.swift in Sources */,
				30B8A40525B47B0000F643CD /* HasGenericParameterClause.swift in Sources */,
				3024218B25CFCB6D00C0E53F /* PatternBindingListSyntax+Extension.swift in Sources */,
				302421AB25CFCC6600C0E53F /* MockType.swift in Sources */,
				3024218125CFCB0D00C0E53F /* AccessorDeclSyntax+Extension.swift in Sources */,
				302421AF25CFCC7B00C0E53F /* SpyPropertyForAccessor.swift in Sources */,
				3032243025AAFCEB002BB110 /* SourceEditorExtension.swift in Sources */,
				3063F32A25BD400300B6038C /* UserDefaults+Extension.swift in Sources */,
				3024215D25CFCA3700C0E53F /* TokenSyntax+Extension.swift in Sources */,
				3032243225AAFCEB002BB110 /* GenerateProtocolCommand.swift in Sources */,
				3024215525CFCA1100C0E53F /* TypeAnnotationSyntax+Extension.swift in Sources */,
				3024216F25CFCA8100C0E53F /* ArrayExprSyntax+Extension.swift in Sources */,
				30B8A3EF25B479D800F643CD /* AccessorBlockSyntax.swift in Sources */,
				3024216B25CFCA6F00C0E53F /* DictionaryExprSyntax+Extension.swift in Sources */,
				3024217B25CFCAC800C0E53F /* ImplicitlyUnwrappedOptionalTypeSyntax+Extension.swift in Sources */,
				302421BB25D4F8FF00C0E53F /* GenerateStubCommand.swift in Sources */,
				3024215125CFC9FD00C0E53F /* SimpleTypeIdentifierSyntax+Extension.swift in Sources */,
				309BB2F025C160A20067D991 /* MockGenerater.swift in Sources */,
				3024212B25CFC90500C0E53F /* ProtocolDeclSyntax+Extension.swift in Sources */,
				3024213F25CFC97500C0E53F /* FunctionParameterListSyntax+Extensions.swift in Sources */,
				3024213B25CFC95F00C0E53F /* TupleTypeSyntax+Extension.swift in Sources */,
				3024218525CFCB3400C0E53F /* Either.swift in Sources */,
				302421A325CFCC1D00C0E53F /* CodeBlockItemSyntax+Extension.swift in Sources */,
				3024219B25CFCBD700C0E53F /* MemberDeclListSyntax+Extension.swift in Sources */,
				30B8A3FD25B47AC400F643CD /* InitializerDeclSyntax.swift in Sources */,
				30B8A40125B47ADD00F643CD /* FunctionDeclSyntax.swift in Sources */,
				3024216525CFCA5B00C0E53F /* DictionaryElementListSyntax+Extension.swift in Sources */,
				3024219325CFCB8E00C0E53F /* TypeSyntax+Extension.swift in Sources */,
				30B8A40A25B47B2B00F643CD /* HasGenericParameter.swift in Sources */,
				30B8A41025B47B4200F643CD /* PatternBindingSyntax.swift in Sources */,
				3024219725CFCBB500C0E53F /* TypeInheritanceClauseSyntax+Extension.swift in Sources */,
				3024217325CFCAAC00C0E53F /* InitializerClauseSyntax+Extension.swift in Sources */,
				3024219F25CFCBF500C0E53F /* MemberDeclListItemSyntax+Extension.swift in Sources */,
				3024214B25CFC9CD00C0E53F /* Trivia+Extension.swift in Sources */,
				3024217725CFCABC00C0E53F /* ExprSyntax+Extension.swift in Sources */,
			);
			runOnlyForDeploymentPostprocessing = 0;
		};
/* End PBXSourcesBuildPhase section */

/* Begin PBXTargetDependency section */
		3032240625AAFC43002BB110 /* PBXTargetDependency */ = {
			isa = PBXTargetDependency;
			target = 303223F125AAFC41002BB110 /* DependencyInjectionHelperForXcode */;
			targetProxy = 3032240525AAFC43002BB110 /* PBXContainerItemProxy */;
		};
		3032241125AAFC43002BB110 /* PBXTargetDependency */ = {
			isa = PBXTargetDependency;
			target = 303223F125AAFC41002BB110 /* DependencyInjectionHelperForXcode */;
			targetProxy = 3032241025AAFC43002BB110 /* PBXContainerItemProxy */;
		};
		3032243625AAFCEB002BB110 /* PBXTargetDependency */ = {
			isa = PBXTargetDependency;
			target = 3032242725AAFCEB002BB110 /* DependencyInjectionHelperForXcodeExtension */;
			targetProxy = 3032243525AAFCEB002BB110 /* PBXContainerItemProxy */;
		};
/* End PBXTargetDependency section */

/* Begin PBXVariantGroup section */
		303223FB25AAFC42002BB110 /* Main.storyboard */ = {
			isa = PBXVariantGroup;
			children = (
				303223FC25AAFC42002BB110 /* Base */,
			);
			name = Main.storyboard;
			sourceTree = "<group>";
		};
/* End PBXVariantGroup section */

/* Begin XCBuildConfiguration section */
		3032241625AAFC43002BB110 /* Debug */ = {
			isa = XCBuildConfiguration;
			buildSettings = {
				ALWAYS_SEARCH_USER_PATHS = NO;
				CLANG_ANALYZER_NONNULL = YES;
				CLANG_ANALYZER_NUMBER_OBJECT_CONVERSION = YES_AGGRESSIVE;
				CLANG_CXX_LANGUAGE_STANDARD = "gnu++14";
				CLANG_CXX_LIBRARY = "libc++";
				CLANG_ENABLE_MODULES = YES;
				CLANG_ENABLE_OBJC_ARC = YES;
				CLANG_ENABLE_OBJC_WEAK = YES;
				CLANG_WARN_BLOCK_CAPTURE_AUTORELEASING = YES;
				CLANG_WARN_BOOL_CONVERSION = YES;
				CLANG_WARN_COMMA = YES;
				CLANG_WARN_CONSTANT_CONVERSION = YES;
				CLANG_WARN_DEPRECATED_OBJC_IMPLEMENTATIONS = YES;
				CLANG_WARN_DIRECT_OBJC_ISA_USAGE = YES_ERROR;
				CLANG_WARN_DOCUMENTATION_COMMENTS = YES;
				CLANG_WARN_EMPTY_BODY = YES;
				CLANG_WARN_ENUM_CONVERSION = YES;
				CLANG_WARN_INFINITE_RECURSION = YES;
				CLANG_WARN_INT_CONVERSION = YES;
				CLANG_WARN_NON_LITERAL_NULL_CONVERSION = YES;
				CLANG_WARN_OBJC_IMPLICIT_RETAIN_SELF = YES;
				CLANG_WARN_OBJC_LITERAL_CONVERSION = YES;
				CLANG_WARN_OBJC_ROOT_CLASS = YES_ERROR;
				CLANG_WARN_QUOTED_INCLUDE_IN_FRAMEWORK_HEADER = YES;
				CLANG_WARN_RANGE_LOOP_ANALYSIS = YES;
				CLANG_WARN_STRICT_PROTOTYPES = YES;
				CLANG_WARN_SUSPICIOUS_MOVE = YES;
				CLANG_WARN_UNGUARDED_AVAILABILITY = YES_AGGRESSIVE;
				CLANG_WARN_UNREACHABLE_CODE = YES;
				CLANG_WARN__DUPLICATE_METHOD_MATCH = YES;
				COPY_PHASE_STRIP = NO;
				DEBUG_INFORMATION_FORMAT = dwarf;
				ENABLE_STRICT_OBJC_MSGSEND = YES;
				ENABLE_TESTABILITY = YES;
				GCC_C_LANGUAGE_STANDARD = gnu11;
				GCC_DYNAMIC_NO_PIC = NO;
				GCC_NO_COMMON_BLOCKS = YES;
				GCC_OPTIMIZATION_LEVEL = 0;
				GCC_PREPROCESSOR_DEFINITIONS = (
					"DEBUG=1",
					"$(inherited)",
				);
				GCC_WARN_64_TO_32_BIT_CONVERSION = YES;
				GCC_WARN_ABOUT_RETURN_TYPE = YES_ERROR;
				GCC_WARN_UNDECLARED_SELECTOR = YES;
				GCC_WARN_UNINITIALIZED_AUTOS = YES_AGGRESSIVE;
				GCC_WARN_UNUSED_FUNCTION = YES;
				GCC_WARN_UNUSED_VARIABLE = YES;
				MACOSX_DEPLOYMENT_TARGET = 11.1;
				MTL_ENABLE_DEBUG_INFO = INCLUDE_SOURCE;
				MTL_FAST_MATH = YES;
				ONLY_ACTIVE_ARCH = YES;
				SDKROOT = macosx;
				SWIFT_ACTIVE_COMPILATION_CONDITIONS = DEBUG;
				SWIFT_OPTIMIZATION_LEVEL = "-Onone";
			};
			name = Debug;
		};
		3032241725AAFC43002BB110 /* Release */ = {
			isa = XCBuildConfiguration;
			buildSettings = {
				ALWAYS_SEARCH_USER_PATHS = NO;
				CLANG_ANALYZER_NONNULL = YES;
				CLANG_ANALYZER_NUMBER_OBJECT_CONVERSION = YES_AGGRESSIVE;
				CLANG_CXX_LANGUAGE_STANDARD = "gnu++14";
				CLANG_CXX_LIBRARY = "libc++";
				CLANG_ENABLE_MODULES = YES;
				CLANG_ENABLE_OBJC_ARC = YES;
				CLANG_ENABLE_OBJC_WEAK = YES;
				CLANG_WARN_BLOCK_CAPTURE_AUTORELEASING = YES;
				CLANG_WARN_BOOL_CONVERSION = YES;
				CLANG_WARN_COMMA = YES;
				CLANG_WARN_CONSTANT_CONVERSION = YES;
				CLANG_WARN_DEPRECATED_OBJC_IMPLEMENTATIONS = YES;
				CLANG_WARN_DIRECT_OBJC_ISA_USAGE = YES_ERROR;
				CLANG_WARN_DOCUMENTATION_COMMENTS = YES;
				CLANG_WARN_EMPTY_BODY = YES;
				CLANG_WARN_ENUM_CONVERSION = YES;
				CLANG_WARN_INFINITE_RECURSION = YES;
				CLANG_WARN_INT_CONVERSION = YES;
				CLANG_WARN_NON_LITERAL_NULL_CONVERSION = YES;
				CLANG_WARN_OBJC_IMPLICIT_RETAIN_SELF = YES;
				CLANG_WARN_OBJC_LITERAL_CONVERSION = YES;
				CLANG_WARN_OBJC_ROOT_CLASS = YES_ERROR;
				CLANG_WARN_QUOTED_INCLUDE_IN_FRAMEWORK_HEADER = YES;
				CLANG_WARN_RANGE_LOOP_ANALYSIS = YES;
				CLANG_WARN_STRICT_PROTOTYPES = YES;
				CLANG_WARN_SUSPICIOUS_MOVE = YES;
				CLANG_WARN_UNGUARDED_AVAILABILITY = YES_AGGRESSIVE;
				CLANG_WARN_UNREACHABLE_CODE = YES;
				CLANG_WARN__DUPLICATE_METHOD_MATCH = YES;
				COPY_PHASE_STRIP = NO;
				DEBUG_INFORMATION_FORMAT = "dwarf-with-dsym";
				ENABLE_NS_ASSERTIONS = NO;
				ENABLE_STRICT_OBJC_MSGSEND = YES;
				GCC_C_LANGUAGE_STANDARD = gnu11;
				GCC_NO_COMMON_BLOCKS = YES;
				GCC_WARN_64_TO_32_BIT_CONVERSION = YES;
				GCC_WARN_ABOUT_RETURN_TYPE = YES_ERROR;
				GCC_WARN_UNDECLARED_SELECTOR = YES;
				GCC_WARN_UNINITIALIZED_AUTOS = YES_AGGRESSIVE;
				GCC_WARN_UNUSED_FUNCTION = YES;
				GCC_WARN_UNUSED_VARIABLE = YES;
				MACOSX_DEPLOYMENT_TARGET = 11.1;
				MTL_ENABLE_DEBUG_INFO = NO;
				MTL_FAST_MATH = YES;
				SDKROOT = macosx;
				SWIFT_COMPILATION_MODE = wholemodule;
				SWIFT_OPTIMIZATION_LEVEL = "-O";
			};
			name = Release;
		};
		3032241925AAFC43002BB110 /* Debug */ = {
			isa = XCBuildConfiguration;
			buildSettings = {
				ALWAYS_EMBED_SWIFT_STANDARD_LIBRARIES = YES;
				ASSETCATALOG_COMPILER_APPICON_NAME = AppIcon;
				ASSETCATALOG_COMPILER_GLOBAL_ACCENT_COLOR_NAME = AccentColor;
				CODE_SIGN_ENTITLEMENTS = DependencyInjectionHelperForXcode/DependencyInjectionHelperForXcode.entitlements;
				CODE_SIGN_STYLE = Automatic;
				COMBINE_HIDPI_IMAGES = YES;
				DEVELOPMENT_TEAM = R33Y42SDDR;
				ENABLE_HARDENED_RUNTIME = YES;
				INFOPLIST_FILE = DependencyInjectionHelperForXcode/Info.plist;
				LD_RUNPATH_SEARCH_PATHS = (
					"$(inherited)",
					"@executable_path/../Frameworks",
				);
				PRODUCT_BUNDLE_IDENTIFIER = kazuhiro.hayashi.DependencyInjectionHelperForXcode;
				PRODUCT_NAME = "$(TARGET_NAME)";
				SWIFT_VERSION = 5.0;
			};
			name = Debug;
		};
		3032241A25AAFC43002BB110 /* Release */ = {
			isa = XCBuildConfiguration;
			buildSettings = {
				ALWAYS_EMBED_SWIFT_STANDARD_LIBRARIES = YES;
				ASSETCATALOG_COMPILER_APPICON_NAME = AppIcon;
				ASSETCATALOG_COMPILER_GLOBAL_ACCENT_COLOR_NAME = AccentColor;
				CODE_SIGN_ENTITLEMENTS = DependencyInjectionHelperForXcode/DependencyInjectionHelperForXcode.entitlements;
				CODE_SIGN_STYLE = Automatic;
				COMBINE_HIDPI_IMAGES = YES;
				DEVELOPMENT_TEAM = R33Y42SDDR;
				ENABLE_HARDENED_RUNTIME = YES;
				INFOPLIST_FILE = DependencyInjectionHelperForXcode/Info.plist;
				LD_RUNPATH_SEARCH_PATHS = (
					"$(inherited)",
					"@executable_path/../Frameworks",
				);
				PRODUCT_BUNDLE_IDENTIFIER = kazuhiro.hayashi.DependencyInjectionHelperForXcode;
				PRODUCT_NAME = "$(TARGET_NAME)";
				SWIFT_VERSION = 5.0;
			};
			name = Release;
		};
		3032241C25AAFC43002BB110 /* Debug */ = {
			isa = XCBuildConfiguration;
			buildSettings = {
				ALWAYS_EMBED_SWIFT_STANDARD_LIBRARIES = YES;
				BUNDLE_LOADER = "$(TEST_HOST)";
				CODE_SIGN_STYLE = Automatic;
				COMBINE_HIDPI_IMAGES = YES;
				DEVELOPMENT_TEAM = R33Y42SDDR;
				INFOPLIST_FILE = DependencyInjectionHelperForXcodeTests/Info.plist;
				LD_RUNPATH_SEARCH_PATHS = (
					"$(inherited)",
					"@executable_path/../Frameworks",
					"@loader_path/../Frameworks",
				);
				MACOSX_DEPLOYMENT_TARGET = 11.1;
				PRODUCT_BUNDLE_IDENTIFIER = kazuhiro.hayashi.DependencyInjectionHelperForXcodeTests;
				PRODUCT_NAME = "$(TARGET_NAME)";
				SWIFT_VERSION = 5.0;
				TEST_HOST = "$(BUILT_PRODUCTS_DIR)/DependencyInjectionHelperForXcode.app/Contents/MacOS/DependencyInjectionHelperForXcode";
			};
			name = Debug;
		};
		3032241D25AAFC43002BB110 /* Release */ = {
			isa = XCBuildConfiguration;
			buildSettings = {
				ALWAYS_EMBED_SWIFT_STANDARD_LIBRARIES = YES;
				BUNDLE_LOADER = "$(TEST_HOST)";
				CODE_SIGN_STYLE = Automatic;
				COMBINE_HIDPI_IMAGES = YES;
				DEVELOPMENT_TEAM = R33Y42SDDR;
				INFOPLIST_FILE = DependencyInjectionHelperForXcodeTests/Info.plist;
				LD_RUNPATH_SEARCH_PATHS = (
					"$(inherited)",
					"@executable_path/../Frameworks",
					"@loader_path/../Frameworks",
				);
				MACOSX_DEPLOYMENT_TARGET = 11.1;
				PRODUCT_BUNDLE_IDENTIFIER = kazuhiro.hayashi.DependencyInjectionHelperForXcodeTests;
				PRODUCT_NAME = "$(TARGET_NAME)";
				SWIFT_VERSION = 5.0;
				TEST_HOST = "$(BUILT_PRODUCTS_DIR)/DependencyInjectionHelperForXcode.app/Contents/MacOS/DependencyInjectionHelperForXcode";
			};
			name = Release;
		};
		3032241F25AAFC43002BB110 /* Debug */ = {
			isa = XCBuildConfiguration;
			buildSettings = {
				ALWAYS_EMBED_SWIFT_STANDARD_LIBRARIES = YES;
				CODE_SIGN_STYLE = Automatic;
				COMBINE_HIDPI_IMAGES = YES;
				DEVELOPMENT_TEAM = R33Y42SDDR;
				INFOPLIST_FILE = DependencyInjectionHelperForXcodeUITests/Info.plist;
				LD_RUNPATH_SEARCH_PATHS = (
					"$(inherited)",
					"@executable_path/../Frameworks",
					"@loader_path/../Frameworks",
				);
				PRODUCT_BUNDLE_IDENTIFIER = kazuhiro.hayashi.DependencyInjectionHelperForXcodeUITests;
				PRODUCT_NAME = "$(TARGET_NAME)";
				SWIFT_VERSION = 5.0;
				TEST_TARGET_NAME = DependencyInjectionHelperForXcode;
			};
			name = Debug;
		};
		3032242025AAFC43002BB110 /* Release */ = {
			isa = XCBuildConfiguration;
			buildSettings = {
				ALWAYS_EMBED_SWIFT_STANDARD_LIBRARIES = YES;
				CODE_SIGN_STYLE = Automatic;
				COMBINE_HIDPI_IMAGES = YES;
				DEVELOPMENT_TEAM = R33Y42SDDR;
				INFOPLIST_FILE = DependencyInjectionHelperForXcodeUITests/Info.plist;
				LD_RUNPATH_SEARCH_PATHS = (
					"$(inherited)",
					"@executable_path/../Frameworks",
					"@loader_path/../Frameworks",
				);
				PRODUCT_BUNDLE_IDENTIFIER = kazuhiro.hayashi.DependencyInjectionHelperForXcodeUITests;
				PRODUCT_NAME = "$(TARGET_NAME)";
				SWIFT_VERSION = 5.0;
				TEST_TARGET_NAME = DependencyInjectionHelperForXcode;
			};
			name = Release;
		};
		3032243925AAFCEB002BB110 /* Debug */ = {
			isa = XCBuildConfiguration;
			buildSettings = {
				CODE_SIGN_ENTITLEMENTS = DependencyInjectionHelperForXcodeExtension/DependencyInjectionHelperForXcodeExtension.entitlements;
				CODE_SIGN_STYLE = Automatic;
				COMBINE_HIDPI_IMAGES = YES;
				DEVELOPMENT_TEAM = R33Y42SDDR;
				ENABLE_HARDENED_RUNTIME = YES;
				INFOPLIST_FILE = DependencyInjectionHelperForXcodeExtension/Info.plist;
				LD_RUNPATH_SEARCH_PATHS = (
					"$(inherited)",
					"@executable_path/../Frameworks",
					"@executable_path/../../../../Frameworks",
				);
				PRODUCT_BUNDLE_IDENTIFIER = kazuhiro.hayashi.DependencyInjectionHelperForXcode.DependencyInjectionHelperForXcodeExtension;
				PRODUCT_NAME = "$(TARGET_NAME)";
				SKIP_INSTALL = YES;
				SWIFT_VERSION = 5.0;
			};
			name = Debug;
		};
		3032243A25AAFCEB002BB110 /* Release */ = {
			isa = XCBuildConfiguration;
			buildSettings = {
				CODE_SIGN_ENTITLEMENTS = DependencyInjectionHelperForXcodeExtension/DependencyInjectionHelperForXcodeExtension.entitlements;
				CODE_SIGN_STYLE = Automatic;
				COMBINE_HIDPI_IMAGES = YES;
				DEVELOPMENT_TEAM = R33Y42SDDR;
				ENABLE_HARDENED_RUNTIME = YES;
				INFOPLIST_FILE = DependencyInjectionHelperForXcodeExtension/Info.plist;
				LD_RUNPATH_SEARCH_PATHS = (
					"$(inherited)",
					"@executable_path/../Frameworks",
					"@executable_path/../../../../Frameworks",
				);
				PRODUCT_BUNDLE_IDENTIFIER = kazuhiro.hayashi.DependencyInjectionHelperForXcode.DependencyInjectionHelperForXcodeExtension;
				PRODUCT_NAME = "$(TARGET_NAME)";
				SKIP_INSTALL = YES;
				SWIFT_VERSION = 5.0;
			};
			name = Release;
		};
/* End XCBuildConfiguration section */

/* Begin XCConfigurationList section */
		303223ED25AAFC41002BB110 /* Build configuration list for PBXProject "DependencyInjectionHelperForXcode" */ = {
			isa = XCConfigurationList;
			buildConfigurations = (
				3032241625AAFC43002BB110 /* Debug */,
				3032241725AAFC43002BB110 /* Release */,
			);
			defaultConfigurationIsVisible = 0;
			defaultConfigurationName = Release;
		};
		3032241825AAFC43002BB110 /* Build configuration list for PBXNativeTarget "DependencyInjectionHelperForXcode" */ = {
			isa = XCConfigurationList;
			buildConfigurations = (
				3032241925AAFC43002BB110 /* Debug */,
				3032241A25AAFC43002BB110 /* Release */,
			);
			defaultConfigurationIsVisible = 0;
			defaultConfigurationName = Release;
		};
		3032241B25AAFC43002BB110 /* Build configuration list for PBXNativeTarget "DependencyInjectionHelperForXcodeTests" */ = {
			isa = XCConfigurationList;
			buildConfigurations = (
				3032241C25AAFC43002BB110 /* Debug */,
				3032241D25AAFC43002BB110 /* Release */,
			);
			defaultConfigurationIsVisible = 0;
			defaultConfigurationName = Release;
		};
		3032241E25AAFC43002BB110 /* Build configuration list for PBXNativeTarget "DependencyInjectionHelperForXcodeUITests" */ = {
			isa = XCConfigurationList;
			buildConfigurations = (
				3032241F25AAFC43002BB110 /* Debug */,
				3032242025AAFC43002BB110 /* Release */,
			);
			defaultConfigurationIsVisible = 0;
			defaultConfigurationName = Release;
		};
		3032243825AAFCEB002BB110 /* Build configuration list for PBXNativeTarget "DependencyInjectionHelperForXcodeExtension" */ = {
			isa = XCConfigurationList;
			buildConfigurations = (
				3032243925AAFCEB002BB110 /* Debug */,
				3032243A25AAFCEB002BB110 /* Release */,
			);
			defaultConfigurationIsVisible = 0;
			defaultConfigurationName = Release;
		};
/* End XCConfigurationList section */

/* Begin XCRemoteSwiftPackageReference section */
		3032244025AAFD2D002BB110 /* XCRemoteSwiftPackageReference "swift-syntax" */ = {
			isa = XCRemoteSwiftPackageReference;
			repositoryURL = "https://github.com/apple/swift-syntax.git";
			requirement = {
				branch = "swift-5.3-DEVELOPMENT-SNAPSHOT-2020-11-11-a";
				kind = branch;
			};
		};
/* End XCRemoteSwiftPackageReference section */

/* Begin XCSwiftPackageProductDependency section */
		3032244125AAFD2D002BB110 /* SwiftSyntax */ = {
			isa = XCSwiftPackageProductDependency;
			package = 3032244025AAFD2D002BB110 /* XCRemoteSwiftPackageReference "swift-syntax" */;
			productName = SwiftSyntax;
		};
		3032244725AAFD3A002BB110 /* SwiftSyntax */ = {
			isa = XCSwiftPackageProductDependency;
			package = 3032244025AAFD2D002BB110 /* XCRemoteSwiftPackageReference "swift-syntax" */;
			productName = SwiftSyntax;
		};
/* End XCSwiftPackageProductDependency section */
	};
	rootObject = 303223EA25AAFC41002BB110 /* Project object */;
}
